
Microsoft Visual Studio Solution File, Format Version 12.00
# Visual Studio Version 17
VisualStudioVersion = 17.0.31612.314
MinimumVisualStudioVersion = 10.0.40219.1
Project("{9A19103F-16F7-4668-BE54-9A1E7A4F7556}") = "NetByDocker", "NetByDocker\NetByDocker.csproj", "{DB3A20C3-51C9-4E00-8073-A560ABCE28B3}"
EndProject
Project("{FAE04EC0-301F-11D3-BF4B-00C04F79EFBC}") = "NetByDockerTests", "NetByDockerTests\NetByDockerTests.csproj", "{801C5182-1694-4682-A14C-7653DB6B4FCB}"
EndProject
Global
	GlobalSection(SolutionConfigurationPlatforms) = preSolution
		Debug|Any CPU = Debug|Any CPU
		Release|Any CPU = Release|Any CPU
	EndGlobalSection
	GlobalSection(ProjectConfigurationPlatforms) = postSolution
		{DB3A20C3-51C9-4E00-8073-A560ABCE28B3}.Debug|Any CPU.ActiveCfg = Debug|Any CPU
		{DB3A20C3-51C9-4E00-8073-A560ABCE28B3}.Debug|Any CPU.Build.0 = Debug|Any CPU
		{DB3A20C3-51C9-4E00-8073-A560ABCE28B3}.Release|Any CPU.ActiveCfg = Release|Any CPU
		{DB3A20C3-51C9-4E00-8073-A560ABCE28B3}.Release|Any CPU.Build.0 = Release|Any CPU
		{801C5182-1694-4682-A14C-7653DB6B4FCB}.Debug|Any CPU.ActiveCfg = Debug|Any CPU
		{801C5182-1694-4682-A14C-7653DB6B4FCB}.Debug|Any CPU.Build.0 = Debug|Any CPU
		{801C5182-1694-4682-A14C-7653DB6B4FCB}.Release|Any CPU.ActiveCfg = Release|Any CPU
		{801C5182-1694-4682-A14C-7653DB6B4FCB}.Release|Any CPU.Build.0 = Release|Any CPU
	EndGlobalSection
	GlobalSection(SolutionProperties) = preSolution
		HideSolutionNode = FALSE
	EndGlobalSection
	GlobalSection(ExtensibilityGlobals) = postSolution
		SolutionGuid = {F0E6CC45-7542-4F06-8290-221E5BA25A7D}
	EndGlobalSection
EndGlobal
